PODS:
  - aiuta_flutter (4.4.3):
    - AiutaSdk (= 4.4.3)
    - Flutter
  - AiutaSdk (4.4.3):
    - Alamofire (~> 5.8.1)
    - Kingfisher (~> 7.12.0)
    - Resolver (~> 1.5.1)
  - Alamofire (5.8.1)
  - Flutter (1.0.0)
  - integration_test (0.0.1):
    - Flutter
  - Kingfisher (7.12.0)
  - Resolver (1.5.1)

DEPENDENCIES:
  - aiuta_flutter (from `.symlinks/plugins/aiuta_flutter/ios`)
  - Flutter (from `Flutter`)
  - integration_test (from `.symlinks/plugins/integration_test/ios`)

SPEC REPOS:
  trunk:
    - AiutaSdk
    - Alamofire
    - Kingfisher
    - Resolver

EXTERNAL SOURCES:
  aiuta_flutter:
    :path: ".symlinks/plugins/aiuta_flutter/ios"
  Flutter:
    :path: Flutter
  integration_test:
    :path: ".symlinks/plugins/integration_test/ios"

SPEC CHECKSUMS:
  aiuta_flutter: d828c95e92b1ee547b2d4258ccc0c545b22ddb03
  AiutaSdk: ea1e86ecc9405908e26c7e011b73d80f40a339b9
  Alamofire: 3ca42e259043ee0dc5c0cdd76c4bc568b8e42af7
  Flutter: e0871f40cf51350855a761d2e70bf5af5b9b5de7
  integration_test: 252f60fa39af5e17c3aa9899d35d908a0721b573
  Kingfisher: 53a10ea35051a436b5fb626ca2dd8f3144d755e9
  Resolver: 0e2ce51257e9366c54afe1b9e9be25059e9b9300

PODFILE CHECKSUM: 978bda23da052e9ef394eec229b76c711d8155f5

COCOAPODS: 1.16.2
